
Microsoft Visual Studio Solution File, Format Version 12.00
# Visual Studio Version 16
VisualStudioVersion = 16.0.30413.136
MinimumVisualStudioVersion = 10.0.40219.1
Project("{9A19103F-16F7-4668-BE54-9A1E7A4F7556}") = "FinalApp", "FinalApp\FinalApp.csproj", "{6AB5B85F-A173-45CB-886D-D574A23FED5F}"
EndProject
Project("{FAE04EC0-301F-11D3-BF4B-00C04F79EFBC}") = "Modelos", "Modelos\Modelos.csproj", "{D122F1F8-5A1F-44D3-BA00-806CFBB27987}"
EndProject
Project("{FAE04EC0-301F-11D3-BF4B-00C04F79EFBC}") = "DAL", "DAL\DAL.csproj", "{C549DEE2-F688-4929-B5DA-B6CCEE127B32}"
EndProject
Project("{FAE04EC0-301F-11D3-BF4B-00C04F79EFBC}") = "BL", "BL\BL.csproj", "{ACC4105B-FAAA-47BF-988B-B5791F63F694}"
EndProject
Global
	GlobalSection(SolutionConfigurationPlatforms) = preSolution
		Debug|Any CPU = Debug|Any CPU
		Release|Any CPU = Release|Any CPU
	EndGlobalSection
	GlobalSection(ProjectConfigurationPlatforms) = postSolution
		{6AB5B85F-A173-45CB-886D-D574A23FED5F}.Debug|Any CPU.ActiveCfg = Debug|Any CPU
		{6AB5B85F-A173-45CB-886D-D574A23FED5F}.Debug|Any CPU.Build.0 = Debug|Any CPU
		{6AB5B85F-A173-45CB-886D-D574A23FED5F}.Release|Any CPU.ActiveCfg = Release|Any CPU
		{6AB5B85F-A173-45CB-886D-D574A23FED5F}.Release|Any CPU.Build.0 = Release|Any CPU
		{D122F1F8-5A1F-44D3-BA00-806CFBB27987}.Debug|Any CPU.ActiveCfg = Debug|Any CPU
		{D122F1F8-5A1F-44D3-BA00-806CFBB27987}.Debug|Any CPU.Build.0 = Debug|Any CPU
		{D122F1F8-5A1F-44D3-BA00-806CFBB27987}.Release|Any CPU.ActiveCfg = Release|Any CPU
		{D122F1F8-5A1F-44D3-BA00-806CFBB27987}.Release|Any CPU.Build.0 = Release|Any CPU
		{C549DEE2-F688-4929-B5DA-B6CCEE127B32}.Debug|Any CPU.ActiveCfg = Debug|Any CPU
		{C549DEE2-F688-4929-B5DA-B6CCEE127B32}.Debug|Any CPU.Build.0 = Debug|Any CPU
		{C549DEE2-F688-4929-B5DA-B6CCEE127B32}.Release|Any CPU.ActiveCfg = Release|Any CPU
		{C549DEE2-F688-4929-B5DA-B6CCEE127B32}.Release|Any CPU.Build.0 = Release|Any CPU
		{ACC4105B-FAAA-47BF-988B-B5791F63F694}.Debug|Any CPU.ActiveCfg = Debug|Any CPU
		{ACC4105B-FAAA-47BF-988B-B5791F63F694}.Debug|Any CPU.Build.0 = Debug|Any CPU
		{ACC4105B-FAAA-47BF-988B-B5791F63F694}.Release|Any CPU.ActiveCfg = Release|Any CPU
		{ACC4105B-FAAA-47BF-988B-B5791F63F694}.Release|Any CPU.Build.0 = Release|Any CPU
	EndGlobalSection
	GlobalSection(SolutionProperties) = preSolution
		HideSolutionNode = FALSE
	EndGlobalSection
	GlobalSection(ExtensibilityGlobals) = postSolution
		SolutionGuid = {A1B22AA6-ACCD-43F7-BF10-0D2E1755173F}
	EndGlobalSection
EndGlobal
